// !$*UTF8*$!
{
	archiveVersion = 1;
	classes = {
	};
	objectVersion = 51;
	objects = {

/* Begin PBXBuildFile section */
		152AFE6A238CF78600747492 /* TodoViewModel.swift in Sources */ = {isa = PBXBuildFile; fileRef = 152AFE69238CF78600747492 /* TodoViewModel.swift */; };
		152AFE6C238CF80400747492 /* Todo.swift in Sources */ = {isa = PBXBuildFile; fileRef = 152AFE6B238CF80400747492 /* Todo.swift */; };
		152AFE6E238D394600747492 /* Then.swift in Sources */ = {isa = PBXBuildFile; fileRef = 152AFE6D238D394600747492 /* Then.swift */; };
		152AFE71238D3D8100747492 /* BaseViewModel.swift in Sources */ = {isa = PBXBuildFile; fileRef = 152AFE70238D3D8100747492 /* BaseViewModel.swift */; };
		152AFE73238D3D9000747492 /* BaseViewController.swift in Sources */ = {isa = PBXBuildFile; fileRef = 152AFE72238D3D9000747492 /* BaseViewController.swift */; };
		152AFE75238D3DA700747492 /* Feedback+Extension.swift in Sources */ = {isa = PBXBuildFile; fileRef = 152AFE74238D3DA700747492 /* Feedback+Extension.swift */; };
		1573E5CA238CEB7F0074F9FC /* AppDelegate.swift in Sources */ = {isa = PBXBuildFile; fileRef = 1573E5C9238CEB7F0074F9FC /* AppDelegate.swift */; };
		1573E5CC238CEB7F0074F9FC /* SceneDelegate.swift in Sources */ = {isa = PBXBuildFile; fileRef = 1573E5CB238CEB7F0074F9FC /* SceneDelegate.swift */; };
		1573E5CE238CEB7F0074F9FC /* ViewController.swift in Sources */ = {isa = PBXBuildFile; fileRef = 1573E5CD238CEB7F0074F9FC /* ViewController.swift */; };
		1573E5D1238CEB7F0074F9FC /* Main.storyboard in Resources */ = {isa = PBXBuildFile; fileRef = 1573E5CF238CEB7F0074F9FC /* Main.storyboard */; };
		1573E5D3238CEB820074F9FC /* Assets.xcassets in Resources */ = {isa = PBXBuildFile; fileRef = 1573E5D2238CEB820074F9FC /* Assets.xcassets */; };
		1573E5D6238CEB820074F9FC /* LaunchScreen.storyboard in Resources */ = {isa = PBXBuildFile; fileRef = 1573E5D4238CEB820074F9FC /* LaunchScreen.storyboard */; };
		1573E5E1238CEB820074F9FC /* TodoReactiveTests.swift in Sources */ = {isa = PBXBuildFile; fileRef = 1573E5E0238CEB820074F9FC /* TodoReactiveTests.swift */; };
		2FAAF8C0BA746C605F4C3CB1 /* Pods_TodoReactive.framework in Frameworks */ = {isa = PBXBuildFile; fileRef = 70F7F62189F53612955A69CB /* Pods_TodoReactive.framework */; };
		72751001F09939847CE44EAC /* Pods_TodoReactiveTests.framework in Frameworks */ = {isa = PBXBuildFile; fileRef = 71CFA497B0F6C01CEDA342A8 /* Pods_TodoReactiveTests.framework */; };
/* End PBXBuildFile section */

/* Begin PBXContainerItemProxy section */
		1573E5DD238CEB820074F9FC /* PBXContainerItemProxy */ = {
			isa = PBXContainerItemProxy;
			containerPortal = 1573E5BE238CEB7F0074F9FC /* Project object */;
			proxyType = 1;
			remoteGlobalIDString = 1573E5C5238CEB7F0074F9FC;
			remoteInfo = TodoReactive;
		};
/* End PBXContainerItemProxy section */

/* Begin PBXFileReference section */
		0A0692E374D93AB0CB792E71 /* Pods-TodoReactive.debug.xcconfig */ = {isa = PBXFileReference; includeInIndex = 1; lastKnownFileType = text.xcconfig; name = "Pods-TodoReactive.debug.xcconfig"; path = "Target Support Files/Pods-TodoReactive/Pods-TodoReactive.debug.xcconfig"; sourceTree = "<group>"; };
		152AFE69238CF78600747492 /* TodoViewModel.swift */ = {isa = PBXFileReference; lastKnownFileType = sourcecode.swift; path = TodoViewModel.swift; sourceTree = "<group>"; };
		152AFE6B238CF80400747492 /* Todo.swift */ = {isa = PBXFileReference; lastKnownFileType = sourcecode.swift; path = Todo.swift; sourceTree = "<group>"; };
		152AFE6D238D394600747492 /* Then.swift */ = {isa = PBXFileReference; lastKnownFileType = sourcecode.swift; path = Then.swift; sourceTree = "<group>"; };
		152AFE70238D3D8100747492 /* BaseViewModel.swift */ = {isa = PBXFileReference; lastKnownFileType = sourcecode.swift; path = BaseViewModel.swift; sourceTree = "<group>"; };
		152AFE72238D3D9000747492 /* BaseViewController.swift */ = {isa = PBXFileReference; lastKnownFileType = sourcecode.swift; path = BaseViewController.swift; sourceTree = "<group>"; };
		152AFE74238D3DA700747492 /* Feedback+Extension.swift */ = {isa = PBXFileReference; lastKnownFileType = sourcecode.swift; path = "Feedback+Extension.swift"; sourceTree = "<group>"; };
		1573E5C6238CEB7F0074F9FC /* TodoReactive.app */ = {isa = PBXFileReference; explicitFileType = wrapper.application; includeInIndex = 0; path = TodoReactive.app; sourceTree = BUILT_PRODUCTS_DIR; };
		1573E5C9238CEB7F0074F9FC /* AppDelegate.swift */ = {isa = PBXFileReference; lastKnownFileType = sourcecode.swift; path = AppDelegate.swift; sourceTree = "<group>"; };
		1573E5CB238CEB7F0074F9FC /* SceneDelegate.swift */ = {isa = PBXFileReference; lastKnownFileType = sourcecode.swift; path = SceneDelegate.swift; sourceTree = "<group>"; };
		1573E5CD238CEB7F0074F9FC /* ViewController.swift */ = {isa = PBXFileReference; lastKnownFileType = sourcecode.swift; path = ViewController.swift; sourceTree = "<group>"; };
		1573E5D0238CEB7F0074F9FC /* Base */ = {isa = PBXFileReference; lastKnownFileType = file.storyboard; name = Base; path = Base.lproj/Main.storyboard; sourceTree = "<group>"; };
		1573E5D2238CEB820074F9FC /* Assets.xcassets */ = {isa = PBXFileReference; lastKnownFileType = folder.assetcatalog; path = Assets.xcassets; sourceTree = "<group>"; };
		1573E5D5238CEB820074F9FC /* Base */ = {isa = PBXFileReference; lastKnownFileType = file.storyboard; name = Base; path = Base.lproj/LaunchScreen.storyboard; sourceTree = "<group>"; };
		1573E5D7238CEB820074F9FC /* Info.plist */ = {isa = PBXFileReference; lastKnownFileType = text.plist.xml; path = Info.plist; sourceTree = "<group>"; };
		1573E5DC238CEB820074F9FC /* TodoReactiveTests.xctest */ = {isa = PBXFileReference; explicitFileType = wrapper.cfbundle; includeInIndex = 0; path = TodoReactiveTests.xctest; sourceTree = BUILT_PRODUCTS_DIR; };
		1573E5E0238CEB820074F9FC /* TodoReactiveTests.swift */ = {isa = PBXFileReference; lastKnownFileType = sourcecode.swift; path = TodoReactiveTests.swift; sourceTree = "<group>"; };
		1573E5E2238CEB820074F9FC /* Info.plist */ = {isa = PBXFileReference; lastKnownFileType = text.plist.xml; path = Info.plist; sourceTree = "<group>"; };
		21D854D14582804BFC84807C /* Pods-TodoReactiveTests.debug.xcconfig */ = {isa = PBXFileReference; includeInIndex = 1; lastKnownFileType = text.xcconfig; name = "Pods-TodoReactiveTests.debug.xcconfig"; path = "Target Support Files/Pods-TodoReactiveTests/Pods-TodoReactiveTests.debug.xcconfig"; sourceTree = "<group>"; };
		70F7F62189F53612955A69CB /* Pods_TodoReactive.framework */ = {isa = PBXFileReference; explicitFileType = wrapper.framework; includeInIndex = 0; path = Pods_TodoReactive.framework; sourceTree = BUILT_PRODUCTS_DIR; };
		71CFA497B0F6C01CEDA342A8 /* Pods_TodoReactiveTests.framework */ = {isa = PBXFileReference; explicitFileType = wrapper.framework; includeInIndex = 0; path = Pods_TodoReactiveTests.framework; sourceTree = BUILT_PRODUCTS_DIR; };
		979842D55270DD0BB25E399F /* Pods-TodoReactive.release.xcconfig */ = {isa = PBXFileReference; includeInIndex = 1; lastKnownFileType = text.xcconfig; name = "Pods-TodoReactive.release.xcconfig"; path = "Target Support Files/Pods-TodoReactive/Pods-TodoReactive.release.xcconfig"; sourceTree = "<group>"; };
		A992A3B8D9A3A93F64182046 /* Pods-TodoReactiveTests.release.xcconfig */ = {isa = PBXFileReference; includeInIndex = 1; lastKnownFileType = text.xcconfig; name = "Pods-TodoReactiveTests.release.xcconfig"; path = "Target Support Files/Pods-TodoReactiveTests/Pods-TodoReactiveTests.release.xcconfig"; sourceTree = "<group>"; };
/* End PBXFileReference section */

/* Begin PBXFrameworksBuildPhase section */
		1573E5C3238CEB7F0074F9FC /* Frameworks */ = {
			isa = PBXFrameworksBuildPhase;
			buildActionMask = 2147483647;
			files = (
				2FAAF8C0BA746C605F4C3CB1 /* Pods_TodoReactive.framework in Frameworks */,
			);
			runOnlyForDeploymentPostprocessing = 0;
		};
		1573E5D9238CEB820074F9FC /* Frameworks */ = {
			isa = PBXFrameworksBuildPhase;
			buildActionMask = 2147483647;
			files = (
				72751001F09939847CE44EAC /* Pods_TodoReactiveTests.framework in Frameworks */,
			);
			runOnlyForDeploymentPostprocessing = 0;
		};
/* End PBXFrameworksBuildPhase section */

/* Begin PBXGroup section */
		152AFE6F238D3D2600747492 /* Contract */ = {
			isa = PBXGroup;
			children = (
				152AFE6D238D394600747492 /* Then.swift */,
				152AFE70238D3D8100747492 /* BaseViewModel.swift */,
				152AFE72238D3D9000747492 /* BaseViewController.swift */,
				152AFE74238D3DA700747492 /* Feedback+Extension.swift */,
			);
			path = Contract;
			sourceTree = "<group>";
		};
		1573E5BD238CEB7F0074F9FC = {
			isa = PBXGroup;
			children = (
				1573E5C8238CEB7F0074F9FC /* TodoReactive */,
				1573E5DF238CEB820074F9FC /* TodoReactiveTests */,
				1573E5C7238CEB7F0074F9FC /* Products */,
				8C458F8B86B3908A7D0579DF /* Pods */,
				66FF8480A8E6D2BF707139D9 /* Frameworks */,
			);
			sourceTree = "<group>";
		};
		1573E5C7238CEB7F0074F9FC /* Products */ = {
			isa = PBXGroup;
			children = (
				1573E5C6238CEB7F0074F9FC /* TodoReactive.app */,
				1573E5DC238CEB820074F9FC /* TodoReactiveTests.xctest */,
			);
			name = Products;
			sourceTree = "<group>";
		};
		1573E5C8238CEB7F0074F9FC /* TodoReactive */ = {
			isa = PBXGroup;
			children = (
				152AFE6F238D3D2600747492 /* Contract */,
				1573E5C9238CEB7F0074F9FC /* AppDelegate.swift */,
				1573E5CB238CEB7F0074F9FC /* SceneDelegate.swift */,
				1573E5CD238CEB7F0074F9FC /* ViewController.swift */,
				1573E5CF238CEB7F0074F9FC /* Main.storyboard */,
				1573E5D2238CEB820074F9FC /* Assets.xcassets */,
				1573E5D4238CEB820074F9FC /* LaunchScreen.storyboard */,
				1573E5D7238CEB820074F9FC /* Info.plist */,
				152AFE69238CF78600747492 /* TodoViewModel.swift */,
				152AFE6B238CF80400747492 /* Todo.swift */,
			);
			path = TodoReactive;
			sourceTree = "<group>";
		};
		1573E5DF238CEB820074F9FC /* TodoReactiveTests */ = {
			isa = PBXGroup;
			children = (
				1573E5E0238CEB820074F9FC /* TodoReactiveTests.swift */,
				1573E5E2238CEB820074F9FC /* Info.plist */,
			);
			path = TodoReactiveTests;
			sourceTree = "<group>";
		};
		66FF8480A8E6D2BF707139D9 /* Frameworks */ = {
			isa = PBXGroup;
			children = (
				70F7F62189F53612955A69CB /* Pods_TodoReactive.framework */,
				71CFA497B0F6C01CEDA342A8 /* Pods_TodoReactiveTests.framework */,
			);
			name = Frameworks;
			sourceTree = "<group>";
		};
		8C458F8B86B3908A7D0579DF /* Pods */ = {
			isa = PBXGroup;
			children = (
				0A0692E374D93AB0CB792E71 /* Pods-TodoReactive.debug.xcconfig */,
				979842D55270DD0BB25E399F /* Pods-TodoReactive.release.xcconfig */,
				21D854D14582804BFC84807C /* Pods-TodoReactiveTests.debug.xcconfig */,
				A992A3B8D9A3A93F64182046 /* Pods-TodoReactiveTests.release.xcconfig */,
			);
			path = Pods;
			sourceTree = "<group>";
		};
/* End PBXGroup section */

/* Begin PBXNativeTarget section */
		1573E5C5238CEB7F0074F9FC /* TodoReactive */ = {
			isa = PBXNativeTarget;
			buildConfigurationList = 1573E5E5238CEB820074F9FC /* Build configuration list for PBXNativeTarget "TodoReactive" */;
			buildPhases = (
				782F151BF1006FF81C930FA6 /* [CP] Check Pods Manifest.lock */,
				1573E5C2238CEB7F0074F9FC /* Sources */,
				1573E5C3238CEB7F0074F9FC /* Frameworks */,
				1573E5C4238CEB7F0074F9FC /* Resources */,
				01E9B4CD032D9D358606B356 /* [CP] Embed Pods Frameworks */,
			);
			buildRules = (
			);
			dependencies = (
			);
			name = TodoReactive;
			productName = TodoReactive;
			productReference = 1573E5C6238CEB7F0074F9FC /* TodoReactive.app */;
			productType = "com.apple.product-type.application";
		};
		1573E5DB238CEB820074F9FC /* TodoReactiveTests */ = {
			isa = PBXNativeTarget;
			buildConfigurationList = 1573E5E8238CEB820074F9FC /* Build configuration list for PBXNativeTarget "TodoReactiveTests" */;
			buildPhases = (
				D623513F8D5FFC9400A38CCA /* [CP] Check Pods Manifest.lock */,
				1573E5D8238CEB820074F9FC /* Sources */,
				1573E5D9238CEB820074F9FC /* Frameworks */,
				1573E5DA238CEB820074F9FC /* Resources */,
			);
			buildRules = (
			);
			dependencies = (
				1573E5DE238CEB820074F9FC /* PBXTargetDependency */,
			);
			name = TodoReactiveTests;
			productName = TodoReactiveTests;
			productReference = 1573E5DC238CEB820074F9FC /* TodoReactiveTests.xctest */;
			productType = "com.apple.product-type.bundle.unit-test";
		};
/* End PBXNativeTarget section */

/* Begin PBXProject section */
		1573E5BE238CEB7F0074F9FC /* Project object */ = {
			isa = PBXProject;
			attributes = {
				LastSwiftUpdateCheck = 1120;
				LastUpgradeCheck = 1120;
				ORGANIZATIONNAME = "Saravanakumar Selladurai";
				TargetAttributes = {
					1573E5C5238CEB7F0074F9FC = {
						CreatedOnToolsVersion = 11.2.1;
					};
					1573E5DB238CEB820074F9FC = {
						CreatedOnToolsVersion = 11.2.1;
						TestTargetID = 1573E5C5238CEB7F0074F9FC;
					};
				};
			};
			buildConfigurationList = 1573E5C1238CEB7F0074F9FC /* Build configuration list for PBXProject "TodoReactive" */;
			compatibilityVersion = "Xcode 9.3";
			developmentRegion = en;
			hasScannedForEncodings = 0;
			knownRegions = (
				en,
				Base,
			);
			mainGroup = 1573E5BD238CEB7F0074F9FC;
			productRefGroup = 1573E5C7238CEB7F0074F9FC /* Products */;
			projectDirPath = "";
			projectRoot = "";
			targets = (
				1573E5C5238CEB7F0074F9FC /* TodoReactive */,
				1573E5DB238CEB820074F9FC /* TodoReactiveTests */,
			);
		};
/* End PBXProject section */

/* Begin PBXResourcesBuildPhase section */
		1573E5C4238CEB7F0074F9FC /* Resources */ = {
			isa = PBXResourcesBuildPhase;
			buildActionMask = 2147483647;
			files = (
				1573E5D6238CEB820074F9FC /* LaunchScreen.storyboard in Resources */,
				1573E5D3238CEB820074F9FC /* Assets.xcassets in Resources */,
				1573E5D1238CEB7F0074F9FC /* Main.storyboard in Resources */,
			);
			runOnlyForDeploymentPostprocessing = 0;
		};
		1573E5DA238CEB820074F9FC /* Resources */ = {
			isa = PBXResourcesBuildPhase;
			buildActionMask = 2147483647;
			files = (
			);
			runOnlyForDeploymentPostprocessing = 0;
		};
/* End PBXResourcesBuildPhase section */

/* Begin PBXShellScriptBuildPhase section */
		01E9B4CD032D9D358606B356 /* [CP] Embed Pods Frameworks */ = {
			isa = PBXShellScriptBuildPhase;
			buildActionMask = 2147483647;
			files = (
			);
			inputFileListPaths = (
				"${PODS_ROOT}/Target Support Files/Pods-TodoReactive/Pods-TodoReactive-frameworks-${CONFIGURATION}-input-files.xcfilelist",
			);
			name = "[CP] Embed Pods Frameworks";
			outputFileListPaths = (
				"${PODS_ROOT}/Target Support Files/Pods-TodoReactive/Pods-TodoReactive-frameworks-${CONFIGURATION}-output-files.xcfilelist",
			);
			runOnlyForDeploymentPostprocessing = 0;
			shellPath = /bin/sh;
			shellScript = "\"${PODS_ROOT}/Target Support Files/Pods-TodoReactive/Pods-TodoReactive-frameworks.sh\"\n";
			showEnvVarsInLog = 0;
		};
		782F151BF1006FF81C930FA6 /* [CP] Check Pods Manifest.lock */ = {
			isa = PBXShellScriptBuildPhase;
			buildActionMask = 2147483647;
			files = (
			);
			inputFileListPaths = (
			);
			inputPaths = (
				"${PODS_PODFILE_DIR_PATH}/Podfile.lock",
				"${PODS_ROOT}/Manifest.lock",
			);
			name = "[CP] Check Pods Manifest.lock";
			outputFileListPaths = (
			);
			outputPaths = (
				"$(DERIVED_FILE_DIR)/Pods-TodoReactive-checkManifestLockResult.txt",
			);
			runOnlyForDeploymentPostprocessing = 0;
			shellPath = /bin/sh;
			shellScript = "diff \"${PODS_PODFILE_DIR_PATH}/Podfile.lock\" \"${PODS_ROOT}/Manifest.lock\" > /dev/null\nif [ $? != 0 ] ; then\n    # print error to STDERR\n    echo \"error: The sandbox is not in sync with the Podfile.lock. Run 'pod install' or update your CocoaPods installation.\" >&2\n    exit 1\nfi\n# This output is used by Xcode 'outputs' to avoid re-running this script phase.\necho \"SUCCESS\" > \"${SCRIPT_OUTPUT_FILE_0}\"\n";
			showEnvVarsInLog = 0;
		};
		D623513F8D5FFC9400A38CCA /* [CP] Check Pods Manifest.lock */ = {
			isa = PBXShellScriptBuildPhase;
			buildActionMask = 2147483647;
			files = (
			);
			inputFileListPaths = (
			);
			inputPaths = (
				"${PODS_PODFILE_DIR_PATH}/Podfile.lock",
				"${PODS_ROOT}/Manifest.lock",
			);
			name = "[CP] Check Pods Manifest.lock";
			outputFileListPaths = (
			);
			outputPaths = (
				"$(DERIVED_FILE_DIR)/Pods-TodoReactiveTests-checkManifestLockResult.txt",
			);
			runOnlyForDeploymentPostprocessing = 0;
			shellPath = /bin/sh;
			shellScript = "diff \"${PODS_PODFILE_DIR_PATH}/Podfile.lock\" \"${PODS_ROOT}/Manifest.lock\" > /dev/null\nif [ $? != 0 ] ; then\n    # print error to STDERR\n    echo \"error: The sandbox is not in sync with the Podfile.lock. Run 'pod install' or update your CocoaPods installation.\" >&2\n    exit 1\nfi\n# This output is used by Xcode 'outputs' to avoid re-running this script phase.\necho \"SUCCESS\" > \"${SCRIPT_OUTPUT_FILE_0}\"\n";
			showEnvVarsInLog = 0;
		};
/* End PBXShellScriptBuildPhase section */

/* Begin PBXSourcesBuildPhase section */
		1573E5C2238CEB7F0074F9FC /* Sources */ = {
			isa = PBXSourcesBuildPhase;
			buildActionMask = 2147483647;
			files = (
				152AFE6A238CF78600747492 /* TodoViewModel.swift in Sources */,
				1573E5CE238CEB7F0074F9FC /* ViewController.swift in Sources */,
				1573E5CA238CEB7F0074F9FC /* AppDelegate.swift in Sources */,
				152AFE71238D3D8100747492 /* BaseViewModel.swift in Sources */,
				1573E5CC238CEB7F0074F9FC /* SceneDelegate.swift in Sources */,
				152AFE75238D3DA700747492 /* Feedback+Extension.swift in Sources */,
				152AFE73238D3D9000747492 /* BaseViewController.swift in Sources */,
				152AFE6E238D394600747492 /* Then.swift in Sources */,
				152AFE6C238CF80400747492 /* Todo.swift in Sources */,
			);
			runOnlyForDeploymentPostprocessing = 0;
		};
		1573E5D8238CEB820074F9FC /* Sources */ = {
			isa = PBXSourcesBuildPhase;
			buildActionMask = 2147483647;
			files = (
				1573E5E1238CEB820074F9FC /* TodoReactiveTests.swift in Sources */,
			);
			runOnlyForDeploymentPostprocessing = 0;
		};
/* End PBXSourcesBuildPhase section */

/* Begin PBXTargetDependency section */
		1573E5DE238CEB820074F9FC /* PBXTargetDependency */ = {
			isa = PBXTargetDependency;
			target = 1573E5C5238CEB7F0074F9FC /* TodoReactive */;
			targetProxy = 1573E5DD238CEB820074F9FC /* PBXContainerItemProxy */;
		};
/* End PBXTargetDependency section */

/* Begin PBXVariantGroup section */
		1573E5CF238CEB7F0074F9FC /* Main.storyboard */ = {
			isa = PBXVariantGroup;
			children = (
				1573E5D0238CEB7F0074F9FC /* Base */,
			);
			name = Main.storyboard;
			sourceTree = "<group>";
		};
		1573E5D4238CEB820074F9FC /* LaunchScreen.storyboard */ = {
			isa = PBXVariantGroup;
			children = (
				1573E5D5238CEB820074F9FC /* Base */,
			);
			name = LaunchScreen.storyboard;
			sourceTree = "<group>";
		};
/* End PBXVariantGroup section */

/* Begin XCBuildConfiguration section */
		1573E5E3238CEB820074F9FC /* Debug */ = {
			isa = XCBuildConfiguration;
			buildSettings = {
				ALWAYS_SEARCH_USER_PATHS = NO;
				CLANG_ANALYZER_NONNULL = YES;
				CLANG_ANALYZER_NUMBER_OBJECT_CONVERSION = YES_AGGRESSIVE;
				CLANG_CXX_LANGUAGE_STANDARD = "gnu++14";
				CLANG_CXX_LIBRARY = "libc++";
				CLANG_ENABLE_MODULES = YES;
				CLANG_ENABLE_OBJC_ARC = YES;
				CLANG_ENABLE_OBJC_WEAK = YES;
				CLANG_WARN_BLOCK_CAPTURE_AUTORELEASING = YES;
				CLANG_WARN_BOOL_CONVERSION = YES;
				CLANG_WARN_COMMA = YES;
				CLANG_WARN_CONSTANT_CONVERSION = YES;
				CLANG_WARN_DEPRECATED_OBJC_IMPLEMENTATIONS = YES;
				CLANG_WARN_DIRECT_OBJC_ISA_USAGE = YES_ERROR;
				CLANG_WARN_DOCUMENTATION_COMMENTS = YES;
				CLANG_WARN_EMPTY_BODY = YES;
				CLANG_WARN_ENUM_CONVERSION = YES;
				CLANG_WARN_INFINITE_RECURSION = YES;
				CLANG_WARN_INT_CONVERSION = YES;
				CLANG_WARN_NON_LITERAL_NULL_CONVERSION = YES;
				CLANG_WARN_OBJC_IMPLICIT_RETAIN_SELF = YES;
				CLANG_WARN_OBJC_LITERAL_CONVERSION = YES;
				CLANG_WARN_OBJC_ROOT_CLASS = YES_ERROR;
				CLANG_WARN_RANGE_LOOP_ANALYSIS = YES;
				CLANG_WARN_STRICT_PROTOTYPES = YES;
				CLANG_WARN_SUSPICIOUS_MOVE = YES;
				CLANG_WARN_UNGUARDED_AVAILABILITY = YES_AGGRESSIVE;
				CLANG_WARN_UNREACHABLE_CODE = YES;
				CLANG_WARN__DUPLICATE_METHOD_MATCH = YES;
				COPY_PHASE_STRIP = NO;
				DEBUG_INFORMATION_FORMAT = dwarf;
				ENABLE_STRICT_OBJC_MSGSEND = YES;
				ENABLE_TESTABILITY = YES;
				GCC_C_LANGUAGE_STANDARD = gnu11;
				GCC_DYNAMIC_NO_PIC = NO;
				GCC_NO_COMMON_BLOCKS = YES;
				GCC_OPTIMIZATION_LEVEL = 0;
				GCC_PREPROCESSOR_DEFINITIONS = (
					"DEBUG=1",
					"$(inherited)",
				);
				GCC_WARN_64_TO_32_BIT_CONVERSION = YES;
				GCC_WARN_ABOUT_RETURN_TYPE = YES_ERROR;
				GCC_WARN_UNDECLARED_SELECTOR = YES;
				GCC_WARN_UNINITIALIZED_AUTOS = YES_AGGRESSIVE;
				GCC_WARN_UNUSED_FUNCTION = YES;
				GCC_WARN_UNUSED_VARIABLE = YES;
				IPHONEOS_DEPLOYMENT_TARGET = 13.2;
				MTL_ENABLE_DEBUG_INFO = INCLUDE_SOURCE;
				MTL_FAST_MATH = YES;
				ONLY_ACTIVE_ARCH = YES;
				SDKROOT = iphoneos;
				SWIFT_ACTIVE_COMPILATION_CONDITIONS = DEBUG;
				SWIFT_OPTIMIZATION_LEVEL = "-Onone";
			};
			name = Debug;
		};
		1573E5E4238CEB820074F9FC /* Release */ = {
			isa = XCBuildConfiguration;
			buildSettings = {
				ALWAYS_SEARCH_USER_PATHS = NO;
				CLANG_ANALYZER_NONNULL = YES;
				CLANG_ANALYZER_NUMBER_OBJECT_CONVERSION = YES_AGGRESSIVE;
				CLANG_CXX_LANGUAGE_STANDARD = "gnu++14";
				CLANG_CXX_LIBRARY = "libc++";
				CLANG_ENABLE_MODULES = YES;
				CLANG_ENABLE_OBJC_ARC = YES;
				CLANG_ENABLE_OBJC_WEAK = YES;
				CLANG_WARN_BLOCK_CAPTURE_AUTORELEASING = YES;
				CLANG_WARN_BOOL_CONVERSION = YES;
				CLANG_WARN_COMMA = YES;
				CLANG_WARN_CONSTANT_CONVERSION = YES;
				CLANG_WARN_DEPRECATED_OBJC_IMPLEMENTATIONS = YES;
				CLANG_WARN_DIRECT_OBJC_ISA_USAGE = YES_ERROR;
				CLANG_WARN_DOCUMENTATION_COMMENTS = YES;
				CLANG_WARN_EMPTY_BODY = YES;
				CLANG_WARN_ENUM_CONVERSION = YES;
				CLANG_WARN_INFINITE_RECURSION = YES;
				CLANG_WARN_INT_CONVERSION = YES;
				CLANG_WARN_NON_LITERAL_NULL_CONVERSION = YES;
				CLANG_WARN_OBJC_IMPLICIT_RETAIN_SELF = YES;
				CLANG_WARN_OBJC_LITERAL_CONVERSION = YES;
				CLANG_WARN_OBJC_ROOT_CLASS = YES_ERROR;
				CLANG_WARN_RANGE_LOOP_ANALYSIS = YES;
				CLANG_WARN_STRICT_PROTOTYPES = YES;
				CLANG_WARN_SUSPICIOUS_MOVE = YES;
				CLANG_WARN_UNGUARDED_AVAILABILITY = YES_AGGRESSIVE;
				CLANG_WARN_UNREACHABLE_CODE = YES;
				CLANG_WARN__DUPLICATE_METHOD_MATCH = YES;
				COPY_PHASE_STRIP = NO;
				DEBUG_INFORMATION_FORMAT = "dwarf-with-dsym";
				ENABLE_NS_ASSERTIONS = NO;
				ENABLE_STRICT_OBJC_MSGSEND = YES;
				GCC_C_LANGUAGE_STANDARD = gnu11;
				GCC_NO_COMMON_BLOCKS = YES;
				GCC_WARN_64_TO_32_BIT_CONVERSION = YES;
				GCC_WARN_ABOUT_RETURN_TYPE = YES_ERROR;
				GCC_WARN_UNDECLARED_SELECTOR = YES;
				GCC_WARN_UNINITIALIZED_AUTOS = YES_AGGRESSIVE;
				GCC_WARN_UNUSED_FUNCTION = YES;
				GCC_WARN_UNUSED_VARIABLE = YES;
				IPHONEOS_DEPLOYMENT_TARGET = 13.2;
				MTL_ENABLE_DEBUG_INFO = NO;
				MTL_FAST_MATH = YES;
				SDKROOT = iphoneos;
				SWIFT_COMPILATION_MODE = wholemodule;
				SWIFT_OPTIMIZATION_LEVEL = "-O";
				VALIDATE_PRODUCT = YES;
			};
			name = Release;
		};
		1573E5E6238CEB820074F9FC /* Debug */ = {
			isa = XCBuildConfiguration;
			baseConfigurationReference = 0A0692E374D93AB0CB792E71 /* Pods-TodoReactive.debug.xcconfig */;
			buildSettings = {
				ASSETCATALOG_COMPILER_APPICON_NAME = AppIcon;
				CODE_SIGN_STYLE = Automatic;
				INFOPLIST_FILE = TodoReactive/Info.plist;
				LD_RUNPATH_SEARCH_PATHS = (
					"$(inherited)",
					"@executable_path/Frameworks",
				);
				PRODUCT_BUNDLE_IDENTIFIER = org.brass.TodoReactive;
				PRODUCT_NAME = "$(TARGET_NAME)";
				SWIFT_VERSION = 5.0;
				TARGETED_DEVICE_FAMILY = "1,2";
			};
			name = Debug;
		};
		1573E5E7238CEB820074F9FC /* Release */ = {
			isa = XCBuildConfiguration;
			baseConfigurationReference = 979842D55270DD0BB25E399F /* Pods-TodoReactive.release.xcconfig */;
			buildSettings = {
				ASSETCATALOG_COMPILER_APPICON_NAME = AppIcon;
				CODE_SIGN_STYLE = Automatic;
				INFOPLIST_FILE = TodoReactive/Info.plist;
				LD_RUNPATH_SEARCH_PATHS = (
					"$(inherited)",
					"@executable_path/Frameworks",
				);
				PRODUCT_BUNDLE_IDENTIFIER = org.brass.TodoReactive;
				PRODUCT_NAME = "$(TARGET_NAME)";
				SWIFT_VERSION = 5.0;
				TARGETED_DEVICE_FAMILY = "1,2";
			};
			name = Release;
		};
		1573E5E9238CEB820074F9FC /* Debug */ = {
			isa = XCBuildConfiguration;
			baseConfigurationReference = 21D854D14582804BFC84807C /* Pods-TodoReactiveTests.debug.xcconfig */;
			buildSettings = {
				ALWAYS_EMBED_SWIFT_STANDARD_LIBRARIES = YES;
				BUNDLE_LOADER = "$(TEST_HOST)";
				CODE_SIGN_STYLE = Automatic;
				INFOPLIST_FILE = TodoReactiveTests/Info.plist;
				IPHONEOS_DEPLOYMENT_TARGET = 13.2;
				LD_RUNPATH_SEARCH_PATHS = (
					"$(inherited)",
					"@executable_path/Frameworks",
					"@loader_path/Frameworks",
				);
				PRODUCT_BUNDLE_IDENTIFIER = org.brass.TodoReactiveTests;
				PRODUCT_NAME = "$(TARGET_NAME)";
				SWIFT_VERSION = 5.0;
				TARGETED_DEVICE_FAMILY = "1,2";
				TEST_HOST = "$(BUILT_PRODUCTS_DIR)/TodoReactive.app/TodoReactive";
			};
			name = Debug;
		};
		1573E5EA238CEB820074F9FC /* Release */ = {
			isa = XCBuildConfiguration;
			baseConfigurationReference = A992A3B8D9A3A93F64182046 /* Pods-TodoReactiveTests.release.xcconfig */;
			buildSettings = {
				ALWAYS_EMBED_SWIFT_STANDARD_LIBRARIES = YES;
				BUNDLE_LOADER = "$(TEST_HOST)";
				CODE_SIGN_STYLE = Automatic;
				INFOPLIST_FILE = TodoReactiveTests/Info.plist;
				IPHONEOS_DEPLOYMENT_TARGET = 13.2;
				LD_RUNPATH_SEARCH_PATHS = (
					"$(inherited)",
					"@executable_path/Frameworks",
					"@loader_path/Frameworks",
				);
				PRODUCT_BUNDLE_IDENTIFIER = org.brass.TodoReactiveTests;
				PRODUCT_NAME = "$(TARGET_NAME)";
				SWIFT_VERSION = 5.0;
				TARGETED_DEVICE_FAMILY = "1,2";
				TEST_HOST = "$(BUILT_PRODUCTS_DIR)/TodoReactive.app/TodoReactive";
			};
			name = Release;
		};
/* End XCBuildConfiguration section */

/* Begin XCConfigurationList section */
		1573E5C1238CEB7F0074F9FC /* Build configuration list for PBXProject "TodoReactive" */ = {
			isa = XCConfigurationList;
			buildConfigurations = (
				1573E5E3238CEB820074F9FC /* Debug */,
				1573E5E4238CEB820074F9FC /* Release */,
			);
			defaultConfigurationIsVisible = 0;
			defaultConfigurationName = Release;
		};
		1573E5E5238CEB820074F9FC /* Build configuration list for PBXNativeTarget "TodoReactive" */ = {
			isa = XCConfigurationList;
			buildConfigurations = (
				1573E5E6238CEB820074F9FC /* Debug */,
				1573E5E7238CEB820074F9FC /* Release */,
			);
			defaultConfigurationIsVisible = 0;
			defaultConfigurationName = Release;
		};
		1573E5E8238CEB820074F9FC /* Build configuration list for PBXNativeTarget "TodoReactiveTests" */ = {
			isa = XCConfigurationList;
			buildConfigurations = (
				1573E5E9238CEB820074F9FC /* Debug */,
				1573E5EA238CEB820074F9FC /* Release */,
			);
			defaultConfigurationIsVisible = 0;
			defaultConfigurationName = Release;
		};
/* End XCConfigurationList section */
	};
	rootObject = 1573E5BE238CEB7F0074F9FC /* Project object */;
}
